// !$*UTF8*$!
{
	archiveVersion = 1;
	classes = {
	};
	objectVersion = 46;
	objects = {

/* Begin PBXBuildFile section */
		44A50FE31F8F110D00EA6A59 /* MobIM.framework in Frameworks */ = {isa = PBXBuildFile; fileRef = 44A50FE21F8F110D00EA6A59 /* MobIM.framework */; };
		44A50FE51F8F116F00EA6A59 /* MOBFoundation.framework in Frameworks */ = {isa = PBXBuildFile; fileRef = 44A50FE41F8F116F00EA6A59 /* MOBFoundation.framework */; };
		44A50FE81F8F118F00EA6A59 /* JavaScriptCore.framework in Frameworks */ = {isa = PBXBuildFile; fileRef = 44A50FE71F8F118F00EA6A59 /* JavaScriptCore.framework */; };
		44A50FEA1F8F119600EA6A59 /* libstdc++.6.0.9.tbd in Frameworks */ = {isa = PBXBuildFile; fileRef = 44A50FE91F8F119600EA6A59 /* libstdc++.6.0.9.tbd */; };
		44A50FEE1F8F146900EA6A59 /* libz.tbd in Frameworks */ = {isa = PBXBuildFile; fileRef = 44A50FED1F8F146900EA6A59 /* libz.tbd */; };
		44F07AF61F8F053100CE8962 /* main.m in Sources */ = {isa = PBXBuildFile; fileRef = 44F07AF51F8F053100CE8962 /* main.m */; };
		44F07AF91F8F053100CE8962 /* AppDelegate.m in Sources */ = {isa = PBXBuildFile; fileRef = 44F07AF81F8F053100CE8962 /* AppDelegate.m */; };
		44F07AFC1F8F053100CE8962 /* ViewController.m in Sources */ = {isa = PBXBuildFile; fileRef = 44F07AFB1F8F053100CE8962 /* ViewController.m */; };
		44F07AFF1F8F053100CE8962 /* Main.storyboard in Resources */ = {isa = PBXBuildFile; fileRef = 44F07AFD1F8F053100CE8962 /* Main.storyboard */; };
		44F07B011F8F053100CE8962 /* Assets.xcassets in Resources */ = {isa = PBXBuildFile; fileRef = 44F07B001F8F053100CE8962 /* Assets.xcassets */; };
		44F07B041F8F053100CE8962 /* LaunchScreen.storyboard in Resources */ = {isa = PBXBuildFile; fileRef = 44F07B021F8F053100CE8962 /* LaunchScreen.storyboard */; };
/* End PBXBuildFile section */

/* Begin PBXFileReference section */
		44A50FE21F8F110D00EA6A59 /* MobIM.framework */ = {isa = PBXFileReference; lastKnownFileType = wrapper.framework; path = MobIM.framework; sourceTree = "<group>"; };
		44A50FE41F8F116F00EA6A59 /* MOBFoundation.framework */ = {isa = PBXFileReference; lastKnownFileType = wrapper.framework; path = MOBFoundation.framework; sourceTree = "<group>"; };
		44A50FE71F8F118F00EA6A59 /* JavaScriptCore.framework */ = {isa = PBXFileReference; lastKnownFileType = wrapper.framework; name = JavaScriptCore.framework; path = System/Library/Frameworks/JavaScriptCore.framework; sourceTree = SDKROOT; };
		44A50FE91F8F119600EA6A59 /* libstdc++.6.0.9.tbd */ = {isa = PBXFileReference; lastKnownFileType = "sourcecode.text-based-dylib-definition"; name = "libstdc++.6.0.9.tbd"; path = "usr/lib/libstdc++.6.0.9.tbd"; sourceTree = SDKROOT; };
		44A50FEB1F8F11AD00EA6A59 /* libz.1.2.5.tbd */ = {isa = PBXFileReference; lastKnownFileType = "sourcecode.text-based-dylib-definition"; name = libz.1.2.5.tbd; path = usr/lib/libz.1.2.5.tbd; sourceTree = SDKROOT; };
		44A50FED1F8F146900EA6A59 /* libz.tbd */ = {isa = PBXFileReference; lastKnownFileType = "sourcecode.text-based-dylib-definition"; name = libz.tbd; path = usr/lib/libz.tbd; sourceTree = SDKROOT; };
		44F07AF11F8F053100CE8962 /* MobIMDemo.app */ = {isa = PBXFileReference; explicitFileType = wrapper.application; includeInIndex = 0; path = MobIMDemo.app; sourceTree = BUILT_PRODUCTS_DIR; };
		44F07AF51F8F053100CE8962 /* main.m */ = {isa = PBXFileReference; lastKnownFileType = sourcecode.c.objc; path = main.m; sourceTree = "<group>"; };
		44F07AF71F8F053100CE8962 /* AppDelegate.h */ = {isa = PBXFileReference; lastKnownFileType = sourcecode.c.h; path = AppDelegate.h; sourceTree = "<group>"; };
		44F07AF81F8F053100CE8962 /* AppDelegate.m */ = {isa = PBXFileReference; lastKnownFileType = sourcecode.c.objc; path = AppDelegate.m; sourceTree = "<group>"; };
		44F07AFA1F8F053100CE8962 /* ViewController.h */ = {isa = PBXFileReference; lastKnownFileType = sourcecode.c.h; path = ViewController.h; sourceTree = "<group>"; };
		44F07AFB1F8F053100CE8962 /* ViewController.m */ = {isa = PBXFileReference; lastKnownFileType = sourcecode.c.objc; path = ViewController.m; sourceTree = "<group>"; };
		44F07AFE1F8F053100CE8962 /* Base */ = {isa = PBXFileReference; lastKnownFileType = file.storyboard; name = Base; path = Base.lproj/Main.storyboard; sourceTree = "<group>"; };
		44F07B001F8F053100CE8962 /* Assets.xcassets */ = {isa = PBXFileReference; lastKnownFileType = folder.assetcatalog; path = Assets.xcassets; sourceTree = "<group>"; };
		44F07B031F8F053100CE8962 /* Base */ = {isa = PBXFileReference; lastKnownFileType = file.storyboard; name = Base; path = Base.lproj/LaunchScreen.storyboard; sourceTree = "<group>"; };
		44F07B051F8F053100CE8962 /* Info.plist */ = {isa = PBXFileReference; lastKnownFileType = text.plist.xml; path = Info.plist; sourceTree = "<group>"; };
/* End PBXFileReference section */

/* Begin PBXFrameworksBuildPhase section */
		44F07AEE1F8F053100CE8962 /* Frameworks */ = {
			isa = PBXFrameworksBuildPhase;
			buildActionMask = 2147483647;
			files = (
				44A50FEE1F8F146900EA6A59 /* libz.tbd in Frameworks */,
				44A50FEA1F8F119600EA6A59 /* libstdc++.6.0.9.tbd in Frameworks */,
				44A50FE81F8F118F00EA6A59 /* JavaScriptCore.framework in Frameworks */,
				44A50FE51F8F116F00EA6A59 /* MOBFoundation.framework in Frameworks */,
				44A50FE31F8F110D00EA6A59 /* MobIM.framework in Frameworks */,
			);
			runOnlyForDeploymentPostprocessing = 0;
		};
/* End PBXFrameworksBuildPhase section */

/* Begin PBXGroup section */
		44A50FE11F8F110D00EA6A59 /* MobIM */ = {
			isa = PBXGroup;
			children = (
				44A50FE41F8F116F00EA6A59 /* MOBFoundation.framework */,
				44A50FE21F8F110D00EA6A59 /* MobIM.framework */,
			);
			path = MobIM;
			sourceTree = SOURCE_ROOT;
		};
		44A50FE61F8F118F00EA6A59 /* Frameworks */ = {
			isa = PBXGroup;
			children = (
				44A50FED1F8F146900EA6A59 /* libz.tbd */,
				44A50FEB1F8F11AD00EA6A59 /* libz.1.2.5.tbd */,
				44A50FE91F8F119600EA6A59 /* libstdc++.6.0.9.tbd */,
				44A50FE71F8F118F00EA6A59 /* JavaScriptCore.framework */,
			);
			name = Frameworks;
			sourceTree = "<group>";
		};
		44F07AE81F8F053100CE8962 = {
			isa = PBXGroup;
			children = (
				44F07AF31F8F053100CE8962 /* MobIMDemo */,
				44F07AF21F8F053100CE8962 /* Products */,
				44A50FE61F8F118F00EA6A59 /* Frameworks */,
			);
			sourceTree = "<group>";
		};
		44F07AF21F8F053100CE8962 /* Products */ = {
			isa = PBXGroup;
			children = (
				44F07AF11F8F053100CE8962 /* MobIMDemo.app */,
			);
			name = Products;
			sourceTree = "<group>";
		};
		44F07AF31F8F053100CE8962 /* MobIMDemo */ = {
			isa = PBXGroup;
			children = (
				44A50FE11F8F110D00EA6A59 /* MobIM */,
				44F07AF71F8F053100CE8962 /* AppDelegate.h */,
				44F07AF81F8F053100CE8962 /* AppDelegate.m */,
				44F07AFA1F8F053100CE8962 /* ViewController.h */,
				44F07AFB1F8F053100CE8962 /* ViewController.m */,
				44F07AFD1F8F053100CE8962 /* Main.storyboard */,
				44F07B001F8F053100CE8962 /* Assets.xcassets */,
				44F07B021F8F053100CE8962 /* LaunchScreen.storyboard */,
				44F07B051F8F053100CE8962 /* Info.plist */,
				44F07AF41F8F053100CE8962 /* Supporting Files */,
			);
			path = MobIMDemo;
			sourceTree = "<group>";
		};
		44F07AF41F8F053100CE8962 /* Supporting Files */ = {
			isa = PBXGroup;
			children = (
				44F07AF51F8F053100CE8962 /* main.m */,
			);
			name = "Supporting Files";
			sourceTree = "<group>";
		};
/* End PBXGroup section */

/* Begin PBXNativeTarget section */
		44F07AF01F8F053100CE8962 /* MobIMDemo */ = {
			isa = PBXNativeTarget;
			buildConfigurationList = 44F07B081F8F053100CE8962 /* Build configuration list for PBXNativeTarget "MobIMDemo" */;
			buildPhases = (
				44F07AED1F8F053100CE8962 /* Sources */,
				44F07AEE1F8F053100CE8962 /* Frameworks */,
				44F07AEF1F8F053100CE8962 /* Resources */,
			);
			buildRules = (
			);
			dependencies = (
			);
			name = MobIMDemo;
			productName = MobIMDemo;
			productReference = 44F07AF11F8F053100CE8962 /* MobIMDemo.app */;
			productType = "com.apple.product-type.application";
		};
/* End PBXNativeTarget section */

/* Begin PBXProject section */
		44F07AE91F8F053100CE8962 /* Project object */ = {
			isa = PBXProject;
			attributes = {
				LastUpgradeCheck = 0830;
				ORGANIZATIONNAME = mob;
				TargetAttributes = {
					44F07AF01F8F053100CE8962 = {
						CreatedOnToolsVersion = 8.3.1;
						DevelopmentTeam = T5639DU29C;
						ProvisioningStyle = Automatic;
					};
				};
			};
			buildConfigurationList = 44F07AEC1F8F053100CE8962 /* Build configuration list for PBXProject "MobIMDemo" */;
			compatibilityVersion = "Xcode 3.2";
			developmentRegion = English;
			hasScannedForEncodings = 0;
			knownRegions = (
				en,
				Base,
			);
			mainGroup = 44F07AE81F8F053100CE8962;
			productRefGroup = 44F07AF21F8F053100CE8962 /* Products */;
			projectDirPath = "";
			projectRoot = "";
			targets = (
				44F07AF01F8F053100CE8962 /* MobIMDemo */,
			);
		};
/* End PBXProject section */

/* Begin PBXResourcesBuildPhase section */
		44F07AEF1F8F053100CE8962 /* Resources */ = {
			isa = PBXResourcesBuildPhase;
			buildActionMask = 2147483647;
			files = (
				44F07B041F8F053100CE8962 /* LaunchScreen.storyboard in Resources */,
				44F07B011F8F053100CE8962 /* Assets.xcassets in Resources */,
				44F07AFF1F8F053100CE8962 /* Main.storyboard in Resources */,
			);
			runOnlyForDeploymentPostprocessing = 0;
		};
/* End PBXResourcesBuildPhase section */

/* Begin PBXSourcesBuildPhase section */
		44F07AED1F8F053100CE8962 /* Sources */ = {
			isa = PBXSourcesBuildPhase;
			buildActionMask = 2147483647;
			files = (
				44F07AFC1F8F053100CE8962 /* ViewController.m in Sources */,
				44F07AF91F8F053100CE8962 /* AppDelegate.m in Sources */,
				44F07AF61F8F053100CE8962 /* main.m in Sources */,
			);
			runOnlyForDeploymentPostprocessing = 0;
		};
/* End PBXSourcesBuildPhase section */

/* Begin PBXVariantGroup section */
		44F07AFD1F8F053100CE8962 /* Main.storyboard */ = {
			isa = PBXVariantGroup;
			children = (
				44F07AFE1F8F053100CE8962 /* Base */,
			);
			name = Main.storyboard;
			sourceTree = "<group>";
		};
		44F07B021F8F053100CE8962 /* LaunchScreen.storyboard */ = {
			isa = PBXVariantGroup;
			children = (
				44F07B031F8F053100CE8962 /* Base */,
			);
			name = LaunchScreen.storyboard;
			sourceTree = "<group>";
		};
/* End PBXVariantGroup section */

/* Begin XCBuildConfiguration section */
		44F07B061F8F053100CE8962 /* Debug */ = {
			isa = XCBuildConfiguration;
			buildSettings = {
				ALWAYS_SEARCH_USER_PATHS = NO;
				CLANG_ANALYZER_NONNULL = YES;
				CLANG_ANALYZER_NUMBER_OBJECT_CONVERSION = YES_AGGRESSIVE;
				CLANG_CXX_LANGUAGE_STANDARD = "gnu++0x";
				CLANG_CXX_LIBRARY = "libc++";
				CLANG_ENABLE_MODULES = YES;
				CLANG_ENABLE_OBJC_ARC = YES;
				CLANG_WARN_BOOL_CONVERSION = YES;
				CLANG_WARN_CONSTANT_CONVERSION = YES;
				CLANG_WARN_DIRECT_OBJC_ISA_USAGE = YES_ERROR;
				CLANG_WARN_DOCUMENTATION_COMMENTS = YES;
				CLANG_WARN_EMPTY_BODY = YES;
				CLANG_WARN_ENUM_CONVERSION = YES;
				CLANG_WARN_INFINITE_RECURSION = YES;
				CLANG_WARN_INT_CONVERSION = YES;
				CLANG_WARN_OBJC_ROOT_CLASS = YES_ERROR;
				CLANG_WARN_SUSPICIOUS_MOVE = YES;
				CLANG_WARN_UNREACHABLE_CODE = YES;
				CLANG_WARN__DUPLICATE_METHOD_MATCH = YES;
				"CODE_SIGN_IDENTITY[sdk=iphoneos*]" = "iPhone Developer";
				COPY_PHASE_STRIP = NO;
				DEBUG_INFORMATION_FORMAT = dwarf;
				ENABLE_STRICT_OBJC_MSGSEND = YES;
				ENABLE_TESTABILITY = YES;
				GCC_C_LANGUAGE_STANDARD = gnu99;
				GCC_DYNAMIC_NO_PIC = NO;
				GCC_NO_COMMON_BLOCKS = YES;
				GCC_OPTIMIZATION_LEVEL = 0;
				GCC_PREPROCESSOR_DEFINITIONS = (
					"DEBUG=1",
					"$(inherited)",
				);
				GCC_WARN_64_TO_32_BIT_CONVERSION = YES;
				GCC_WARN_ABOUT_RETURN_TYPE = YES_ERROR;
				GCC_WARN_UNDECLARED_SELECTOR = YES;
				GCC_WARN_UNINITIALIZED_AUTOS = YES_AGGRESSIVE;
				GCC_WARN_UNUSED_FUNCTION = YES;
				GCC_WARN_UNUSED_VARIABLE = YES;
				IPHONEOS_DEPLOYMENT_TARGET = 10.3;
				MTL_ENABLE_DEBUG_INFO = YES;
				ONLY_ACTIVE_ARCH = YES;
				SDKROOT = iphoneos;
				TARGETED_DEVICE_FAMILY = "1,2";
			};
			name = Debug;
		};
		44F07B071F8F053100CE8962 /* Release */ = {
			isa = XCBuildConfiguration;
			buildSettings = {
				ALWAYS_SEARCH_USER_PATHS = NO;
				CLANG_ANALYZER_NONNULL = YES;
				CLANG_ANALYZER_NUMBER_OBJECT_CONVERSION = YES_AGGRESSIVE;
				CLANG_CXX_LANGUAGE_STANDARD = "gnu++0x";
				CLANG_CXX_LIBRARY = "libc++";
				CLANG_ENABLE_MODULES = YES;
				CLANG_ENABLE_OBJC_ARC = YES;
				CLANG_WARN_BOOL_CONVERSION = YES;
				CLANG_WARN_CONSTANT_CONVERSION = YES;
				CLANG_WARN_DIRECT_OBJC_ISA_USAGE = YES_ERROR;
				CLANG_WARN_DOCUMENTATION_COMMENTS = YES;
				CLANG_WARN_EMPTY_BODY = YES;
				CLANG_WARN_ENUM_CONVERSION = YES;
				CLANG_WARN_INFINITE_RECURSION = YES;
				CLANG_WARN_INT_CONVERSION = YES;
				CLANG_WARN_OBJC_ROOT_CLASS = YES_ERROR;
				CLANG_WARN_SUSPICIOUS_MOVE = YES;
				CLANG_WARN_UNREACHABLE_CODE = YES;
				CLANG_WARN__DUPLICATE_METHOD_MATCH = YES;
				"CODE_SIGN_IDENTITY[sdk=iphoneos*]" = "iPhone Developer";
				COPY_PHASE_STRIP = NO;
				DEBUG_INFORMATION_FORMAT = "dwarf-with-dsym";
				ENABLE_NS_ASSERTIONS = NO;
				ENABLE_STRICT_OBJC_MSGSEND = YES;
				GCC_C_LANGUAGE_STANDARD = gnu99;
				GCC_NO_COMMON_BLOCKS = YES;
				GCC_WARN_64_TO_32_BIT_CONVERSION = YES;
				GCC_WARN_ABOUT_RETURN_TYPE = YES_ERROR;
				GCC_WARN_UNDECLARED_SELECTOR = YES;
				GCC_WARN_UNINITIALIZED_AUTOS = YES_AGGRESSIVE;
				GCC_WARN_UNUSED_FUNCTION = YES;
				GCC_WARN_UNUSED_VARIABLE = YES;
				IPHONEOS_DEPLOYMENT_TARGET = 10.3;
				MTL_ENABLE_DEBUG_INFO = NO;
				SDKROOT = iphoneos;
				TARGETED_DEVICE_FAMILY = "1,2";
				VALIDATE_PRODUCT = YES;
			};
			name = Release;
		};
		44F07B091F8F053100CE8962 /* Debug */ = {
			isa = XCBuildConfiguration;
			buildSettings = {
				ASSETCATALOG_COMPILER_APPICON_NAME = AppIcon;
				DEVELOPMENT_TEAM = T5639DU29C;
				FRAMEWORK_SEARCH_PATHS = "$(PROJECT_DIR)/MobIM";
				INFOPLIST_FILE = MobIMDemo/Info.plist;
				IPHONEOS_DEPLOYMENT_TARGET = 8.0;
				LD_RUNPATH_SEARCH_PATHS = "$(inherited) @executable_path/Frameworks";
				PRODUCT_BUNDLE_IDENTIFIER = com.mob.MobIMDemo;
				PRODUCT_NAME = "$(TARGET_NAME)";
			};
			name = Debug;
		};
		44F07B0A1F8F053100CE8962 /* Release */ = {
			isa = XCBuildConfiguration;
			buildSettings = {
				ASSETCATALOG_COMPILER_APPICON_NAME = AppIcon;
				DEVELOPMENT_TEAM = T5639DU29C;
				FRAMEWORK_SEARCH_PATHS = "$(PROJECT_DIR)/MobIM";
				INFOPLIST_FILE = MobIMDemo/Info.plist;
				IPHONEOS_DEPLOYMENT_TARGET = 8.0;
				LD_RUNPATH_SEARCH_PATHS = "$(inherited) @executable_path/Frameworks";
				PRODUCT_BUNDLE_IDENTIFIER = com.mob.MobIMDemo;
				PRODUCT_NAME = "$(TARGET_NAME)";
			};
			name = Release;
		};
/* End XCBuildConfiguration section */

/* Begin XCConfigurationList section */
		44F07AEC1F8F053100CE8962 /* Build configuration list for PBXProject "MobIMDemo" */ = {
			isa = XCConfigurationList;
			buildConfigurations = (
				44F07B061F8F053100CE8962 /* Debug */,
				44F07B071F8F053100CE8962 /* Release */,
			);
			defaultConfigurationIsVisible = 0;
			defaultConfigurationName = Release;
		};
		44F07B081F8F053100CE8962 /* Build configuration list for PBXNativeTarget "MobIMDemo" */ = {
			isa = XCConfigurationList;
			buildConfigurations = (
				44F07B091F8F053100CE8962 /* Debug */,
				44F07B0A1F8F053100CE8962 /* Release */,
			);
			defaultConfigurationIsVisible = 0;
			defaultConfigurationName = Release;
		};
/* End XCConfigurationList section */
	};
	rootObject = 44F07AE91F8F053100CE8962 /* Project object */;
}
